
Microsoft Visual Studio Solution File, Format Version 12.00
# Visual Studio Version 17
VisualStudioVersion = 17.3.32929.385
MinimumVisualStudioVersion = 10.0.40219.1
Project("{FAE04EC0-301F-11D3-BF4B-00C04F79EFBC}") = "AvaloniaApplication14", "AvaloniaApplication14\AvaloniaApplication14\AvaloniaApplication14.csproj", "{9E883606-F0E6-4768-BAE9-FD4E63ABC844}"
EndProject
Project("{FAE04EC0-301F-11D3-BF4B-00C04F79EFBC}") = "AvaloniaApplication14.Android", "AvaloniaApplication14\AvaloniaApplication14.Android\AvaloniaApplication14.Android.csproj", "{31B02E62-CD94-4A84-BD91-5D8C8F69761C}"
EndProject
Project("{FAE04EC0-301F-11D3-BF4B-00C04F79EFBC}") = "AvaloniaApplication14.Desktop", "AvaloniaApplication14\AvaloniaApplication14.Desktop\AvaloniaApplication14.Desktop.csproj", "{905AAC53-0970-417E-816B-2A8305E14169}"
EndProject
Project("{FAE04EC0-301F-11D3-BF4B-00C04F79EFBC}") = "AvaloniaApplication14.iOS", "AvaloniaApplication14\AvaloniaApplication14.iOS\AvaloniaApplication14.iOS.csproj", "{B7FA18A6-0715-42F0-B1F7-FA15ABDF656A}"
EndProject
Project("{FAE04EC0-301F-11D3-BF4B-00C04F79EFBC}") = "AvaloniaApplication14.Web", "AvaloniaApplication14\AvaloniaApplication14.Web\AvaloniaApplication14.Web.csproj", "{5A80162D-B466-4D9D-B97F-CDE414E0A57A}"
EndProject
Global
	GlobalSection(SolutionConfigurationPlatforms) = preSolution
		Debug|Any CPU = Debug|Any CPU
		Release|Any CPU = Release|Any CPU
	EndGlobalSection
	GlobalSection(ProjectConfigurationPlatforms) = postSolution
		{9E883606-F0E6-4768-BAE9-FD4E63ABC844}.Debug|Any CPU.ActiveCfg = Debug|Any CPU
		{9E883606-F0E6-4768-BAE9-FD4E63ABC844}.Debug|Any CPU.Build.0 = Debug|Any CPU
		{9E883606-F0E6-4768-BAE9-FD4E63ABC844}.Release|Any CPU.ActiveCfg = Release|Any CPU
		{9E883606-F0E6-4768-BAE9-FD4E63ABC844}.Release|Any CPU.Build.0 = Release|Any CPU
		{31B02E62-CD94-4A84-BD91-5D8C8F69761C}.Debug|Any CPU.ActiveCfg = Debug|Any CPU
		{31B02E62-CD94-4A84-BD91-5D8C8F69761C}.Debug|Any CPU.Build.0 = Debug|Any CPU
		{31B02E62-CD94-4A84-BD91-5D8C8F69761C}.Debug|Any CPU.Deploy.0 = Debug|Any CPU
		{31B02E62-CD94-4A84-BD91-5D8C8F69761C}.Release|Any CPU.ActiveCfg = Release|Any CPU
		{31B02E62-CD94-4A84-BD91-5D8C8F69761C}.Release|Any CPU.Build.0 = Release|Any CPU
		{31B02E62-CD94-4A84-BD91-5D8C8F69761C}.Release|Any CPU.Deploy.0 = Release|Any CPU
		{905AAC53-0970-417E-816B-2A8305E14169}.Debug|Any CPU.ActiveCfg = Debug|Any CPU
		{905AAC53-0970-417E-816B-2A8305E14169}.Debug|Any CPU.Build.0 = Debug|Any CPU
		{905AAC53-0970-417E-816B-2A8305E14169}.Release|Any CPU.ActiveCfg = Release|Any CPU
		{905AAC53-0970-417E-816B-2A8305E14169}.Release|Any CPU.Build.0 = Release|Any CPU
		{B7FA18A6-0715-42F0-B1F7-FA15ABDF656A}.Debug|Any CPU.ActiveCfg = Debug|Any CPU
		{B7FA18A6-0715-42F0-B1F7-FA15ABDF656A}.Debug|Any CPU.Build.0 = Debug|Any CPU
		{B7FA18A6-0715-42F0-B1F7-FA15ABDF656A}.Debug|Any CPU.Deploy.0 = Debug|Any CPU
		{B7FA18A6-0715-42F0-B1F7-FA15ABDF656A}.Release|Any CPU.ActiveCfg = Release|Any CPU
		{B7FA18A6-0715-42F0-B1F7-FA15ABDF656A}.Release|Any CPU.Build.0 = Release|Any CPU
		{B7FA18A6-0715-42F0-B1F7-FA15ABDF656A}.Release|Any CPU.Deploy.0 = Release|Any CPU
		{5A80162D-B466-4D9D-B97F-CDE414E0A57A}.Debug|Any CPU.ActiveCfg = Debug|Any CPU
		{5A80162D-B466-4D9D-B97F-CDE414E0A57A}.Debug|Any CPU.Build.0 = Debug|Any CPU
		{5A80162D-B466-4D9D-B97F-CDE414E0A57A}.Release|Any CPU.ActiveCfg = Release|Any CPU
		{5A80162D-B466-4D9D-B97F-CDE414E0A57A}.Release|Any CPU.Build.0 = Release|Any CPU
	EndGlobalSection
	GlobalSection(SolutionProperties) = preSolution
		HideSolutionNode = FALSE
	EndGlobalSection
	GlobalSection(ExtensibilityGlobals) = postSolution
		SolutionGuid = {B079E77D-6D19-46BF-9784-EB58976A7743}
	EndGlobalSection
EndGlobal
